
Microsoft Visual Studio Solution File, Format Version 12.00
# Visual Studio Version 16
VisualStudioVersion = 16.0.30204.135
MinimumVisualStudioVersion = 10.0.40219.1
Project("{FAE04EC0-301F-11D3-BF4B-00C04F79EFBC}") = "Logik", "Logik\Logik.csproj", "{DE426628-6666-4519-8566-F32B2D1D135E}"
EndProject
Global
	GlobalSection(SolutionConfigurationPlatforms) = preSolution
		Debug|Any CPU = Debug|Any CPU
		Release|Any CPU = Release|Any CPU
	EndGlobalSection
	GlobalSection(ProjectConfigurationPlatforms) = postSolution
		{DE426628-6666-4519-8566-F32B2D1D135E}.Debug|Any CPU.ActiveCfg = Debug|Any CPU
		{DE426628-6666-4519-8566-F32B2D1D135E}.Debug|Any CPU.Build.0 = Debug|Any CPU
		{DE426628-6666-4519-8566-F32B2D1D135E}.Release|Any CPU.ActiveCfg = Release|Any CPU
		{DE426628-6666-4519-8566-F32B2D1D135E}.Release|Any CPU.Build.0 = Release|Any CPU
	EndGlobalSection
	GlobalSection(SolutionProperties) = preSolution
		HideSolutionNode = FALSE
	EndGlobalSection
	GlobalSection(ExtensibilityGlobals) = postSolution
		SolutionGuid = {6633E0B3-00F6-49F3-88CD-AA721BF0E9FC}
	EndGlobalSection
EndGlobal
